# THIS IS AN AUTOGENERATED FILE. DO NOT EDIT THIS FILE DIRECTLY.
# yarn lockfile v1


"@ethersproject/abi@^5.5.0", "@ethersproject/abi@5.5.0":
  "integrity" "sha512-loW7I4AohP5KycATvc0MgujU6JyCHPqHdeoo9z3Nr9xEiNioxa65ccdm1+fsoJhkuhdRtfcL8cfyGamz2AxZ5w=="
  "resolved" "https://registry.npmjs.org/@ethersproject/abi/-/abi-5.5.0.tgz"
  "version" "5.5.0"
  dependencies:
    "@ethersproject/address" "^5.5.0"
    "@ethersproject/bignumber" "^5.5.0"
    "@ethersproject/bytes" "^5.5.0"
    "@ethersproject/constants" "^5.5.0"
    "@ethersproject/hash" "^5.5.0"
    "@ethersproject/keccak256" "^5.5.0"
    "@ethersproject/logger" "^5.5.0"
    "@ethersproject/properties" "^5.5.0"
    "@ethersproject/strings" "^5.5.0"

"@ethersproject/abstract-provider@^5.5.0", "@ethersproject/abstract-provider@5.5.1":
  "integrity" "sha512-m+MA/ful6eKbxpr99xUYeRvLkfnlqzrF8SZ46d/xFB1A7ZVknYc/sXJG0RcufF52Qn2jeFj1hhcoQ7IXjNKUqg=="
  "resolved" "https://registry.npmjs.org/@ethersproject/abstract-provider/-/abstract-provider-5.5.1.tgz"
  "version" "5.5.1"
  dependencies:
    "@ethersproject/bignumber" "^5.5.0"
    "@ethersproject/bytes" "^5.5.0"
    "@ethersproject/logger" "^5.5.0"
    "@ethersproject/networks" "^5.5.0"
    "@ethersproject/properties" "^5.5.0"
    "@ethersproject/transactions" "^5.5.0"
    "@ethersproject/web" "^5.5.0"

"@ethersproject/abstract-signer@^5.5.0", "@ethersproject/abstract-signer@5.5.0":
  "integrity" "sha512-lj//7r250MXVLKI7sVarXAbZXbv9P50lgmJQGr2/is82EwEb8r7HrxsmMqAjTsztMYy7ohrIhGMIml+Gx4D3mA=="
  "resolved" "https://registry.npmjs.org/@ethersproject/abstract-signer/-/abstract-signer-5.5.0.tgz"
  "version" "5.5.0"
  dependencies:
    "@ethersproject/abstract-provider" "^5.5.0"
    "@ethersproject/bignumber" "^5.5.0"
    "@ethersproject/bytes" "^5.5.0"
    "@ethersproject/logger" "^5.5.0"
    "@ethersproject/properties" "^5.5.0"

"@ethersproject/address@^5.5.0", "@ethersproject/address@5.5.0":
  "integrity" "sha512-l4Nj0eWlTUh6ro5IbPTgbpT4wRbdH5l8CQf7icF7sb/SI3Nhd9Y9HzhonTSTi6CefI0necIw7LJqQPopPLZyWw=="
  "resolved" "https://registry.npmjs.org/@ethersproject/address/-/address-5.5.0.tgz"
  "version" "5.5.0"
  dependencies:
    "@ethersproject/bignumber" "^5.5.0"
    "@ethersproject/bytes" "^5.5.0"
    "@ethersproject/keccak256" "^5.5.0"
    "@ethersproject/logger" "^5.5.0"
    "@ethersproject/rlp" "^5.5.0"

"@ethersproject/base64@^5.5.0", "@ethersproject/base64@5.5.0":
  "integrity" "sha512-tdayUKhU1ljrlHzEWbStXazDpsx4eg1dBXUSI6+mHlYklOXoXF6lZvw8tnD6oVaWfnMxAgRSKROg3cVKtCcppA=="
  "resolved" "https://registry.npmjs.org/@ethersproject/base64/-/base64-5.5.0.tgz"
  "version" "5.5.0"
  dependencies:
    "@ethersproject/bytes" "^5.5.0"

"@ethersproject/basex@^5.5.0", "@ethersproject/basex@5.5.0":
  "integrity" "sha512-ZIodwhHpVJ0Y3hUCfUucmxKsWQA5TMnavp5j/UOuDdzZWzJlRmuOjcTMIGgHCYuZmHt36BfiSyQPSRskPxbfaQ=="
  "resolved" "https://registry.npmjs.org/@ethersproject/basex/-/basex-5.5.0.tgz"
  "version" "5.5.0"
  dependencies:
    "@ethersproject/bytes" "^5.5.0"
    "@ethersproject/properties" "^5.5.0"

"@ethersproject/bignumber@^5.5.0", "@ethersproject/bignumber@5.5.0":
  "integrity" "sha512-6Xytlwvy6Rn3U3gKEc1vP7nR92frHkv6wtVr95LFR3jREXiCPzdWxKQ1cx4JGQBXxcguAwjA8murlYN2TSiEbg=="
  "resolved" "https://registry.npmjs.org/@ethersproject/bignumber/-/bignumber-5.5.0.tgz"
  "version" "5.5.0"
  dependencies:
    "@ethersproject/bytes" "^5.5.0"
    "@ethersproject/logger" "^5.5.0"
    "bn.js" "^4.11.9"

"@ethersproject/bytes@^5.5.0", "@ethersproject/bytes@5.5.0":
  "integrity" "sha512-ABvc7BHWhZU9PNM/tANm/Qx4ostPGadAuQzWTr3doklZOhDlmcBqclrQe/ZXUIj3K8wC28oYeuRa+A37tX9kog=="
  "resolved" "https://registry.npmjs.org/@ethersproject/bytes/-/bytes-5.5.0.tgz"
  "version" "5.5.0"
  dependencies:
    "@ethersproject/logger" "^5.5.0"

"@ethersproject/constants@^5.5.0", "@ethersproject/constants@5.5.0":
  "integrity" "sha512-2MsRRVChkvMWR+GyMGY4N1sAX9Mt3J9KykCsgUFd/1mwS0UH1qw+Bv9k1UJb3X3YJYFco9H20pjSlOIfCG5HYQ=="
  "resolved" "https://registry.npmjs.org/@ethersproject/constants/-/constants-5.5.0.tgz"
  "version" "5.5.0"
  dependencies:
    "@ethersproject/bignumber" "^5.5.0"

"@ethersproject/contracts@5.5.0":
  "integrity" "sha512-2viY7NzyvJkh+Ug17v7g3/IJC8HqZBDcOjYARZLdzRxrfGlRgmYgl6xPRKVbEzy1dWKw/iv7chDcS83pg6cLxg=="
  "resolved" "https://registry.npmjs.org/@ethersproject/contracts/-/contracts-5.5.0.tgz"
  "version" "5.5.0"
  dependencies:
    "@ethersproject/abi" "^5.5.0"
    "@ethersproject/abstract-provider" "^5.5.0"
    "@ethersproject/abstract-signer" "^5.5.0"
    "@ethersproject/address" "^5.5.0"
    "@ethersproject/bignumber" "^5.5.0"
    "@ethersproject/bytes" "^5.5.0"
    "@ethersproject/constants" "^5.5.0"
    "@ethersproject/logger" "^5.5.0"
    "@ethersproject/properties" "^5.5.0"
    "@ethersproject/transactions" "^5.5.0"

"@ethersproject/experimental@^5.5.0":
  "integrity" "sha512-Q62IjbhlgVmeFHRI6JSU/mZbtVGd8mNgkuIU0IxyTVszUzNblocVctIngAiWm8gGqr/ytj7hN1FRadCRMY4zIA=="
  "resolved" "https://registry.npmjs.org/@ethersproject/experimental/-/experimental-5.5.0.tgz"
  "version" "5.5.0"
  dependencies:
    "@ethersproject/web" "^5.5.0"
    "ethers" "^5.5.0"
    "scrypt-js" "3.0.1"

"@ethersproject/hash@^5.5.0", "@ethersproject/hash@5.5.0":
  "integrity" "sha512-dnGVpK1WtBjmnp3mUT0PlU2MpapnwWI0PibldQEq1408tQBAbZpPidkWoVVuNMOl/lISO3+4hXZWCL3YV7qzfg=="
  "resolved" "https://registry.npmjs.org/@ethersproject/hash/-/hash-5.5.0.tgz"
  "version" "5.5.0"
  dependencies:
    "@ethersproject/abstract-signer" "^5.5.0"
    "@ethersproject/address" "^5.5.0"
    "@ethersproject/bignumber" "^5.5.0"
    "@ethersproject/bytes" "^5.5.0"
    "@ethersproject/keccak256" "^5.5.0"
    "@ethersproject/logger" "^5.5.0"
    "@ethersproject/properties" "^5.5.0"
    "@ethersproject/strings" "^5.5.0"

"@ethersproject/hdnode@^5.5.0", "@ethersproject/hdnode@5.5.0":
  "integrity" "sha512-mcSOo9zeUg1L0CoJH7zmxwUG5ggQHU1UrRf8jyTYy6HxdZV+r0PBoL1bxr+JHIPXRzS6u/UW4mEn43y0tmyF8Q=="
  "resolved" "https://registry.npmjs.org/@ethersproject/hdnode/-/hdnode-5.5.0.tgz"
  "version" "5.5.0"
  dependencies:
    "@ethersproject/abstract-signer" "^5.5.0"
    "@ethersproject/basex" "^5.5.0"
    "@ethersproject/bignumber" "^5.5.0"
    "@ethersproject/bytes" "^5.5.0"
    "@ethersproject/logger" "^5.5.0"
    "@ethersproject/pbkdf2" "^5.5.0"
    "@ethersproject/properties" "^5.5.0"
    "@ethersproject/sha2" "^5.5.0"
    "@ethersproject/signing-key" "^5.5.0"
    "@ethersproject/strings" "^5.5.0"
    "@ethersproject/transactions" "^5.5.0"
    "@ethersproject/wordlists" "^5.5.0"

"@ethersproject/json-wallets@^5.5.0", "@ethersproject/json-wallets@5.5.0":
  "integrity" "sha512-9lA21XQnCdcS72xlBn1jfQdj2A1VUxZzOzi9UkNdnokNKke/9Ya2xA9aIK1SC3PQyBDLt4C+dfps7ULpkvKikQ=="
  "resolved" "https://registry.npmjs.org/@ethersproject/json-wallets/-/json-wallets-5.5.0.tgz"
  "version" "5.5.0"
  dependencies:
    "@ethersproject/abstract-signer" "^5.5.0"
    "@ethersproject/address" "^5.5.0"
    "@ethersproject/bytes" "^5.5.0"
    "@ethersproject/hdnode" "^5.5.0"
    "@ethersproject/keccak256" "^5.5.0"
    "@ethersproject/logger" "^5.5.0"
    "@ethersproject/pbkdf2" "^5.5.0"
    "@ethersproject/properties" "^5.5.0"
    "@ethersproject/random" "^5.5.0"
    "@ethersproject/strings" "^5.5.0"
    "@ethersproject/transactions" "^5.5.0"
    "aes-js" "3.0.0"
    "scrypt-js" "3.0.1"

"@ethersproject/keccak256@^5.5.0", "@ethersproject/keccak256@5.5.0":
  "integrity" "sha512-5VoFCTjo2rYbBe1l2f4mccaRFN/4VQEYFwwn04aJV2h7qf4ZvI2wFxUE1XOX+snbwCLRzIeikOqtAoPwMza9kg=="
  "resolved" "https://registry.npmjs.org/@ethersproject/keccak256/-/keccak256-5.5.0.tgz"
  "version" "5.5.0"
  dependencies:
    "@ethersproject/bytes" "^5.5.0"
    "js-sha3" "0.8.0"

"@ethersproject/logger@^5.5.0", "@ethersproject/logger@5.5.0":
  "integrity" "sha512-rIY/6WPm7T8n3qS2vuHTUBPdXHl+rGxWxW5okDfo9J4Z0+gRRZT0msvUdIJkE4/HS29GUMziwGaaKO2bWONBrg=="
  "resolved" "https://registry.npmjs.org/@ethersproject/logger/-/logger-5.5.0.tgz"
  "version" "5.5.0"

"@ethersproject/networks@^5.5.0", "@ethersproject/networks@5.5.1":
  "integrity" "sha512-tYRDM4zZtSUcKnD4UMuAlj7SeXH/k5WC4SP2u1Pn57++JdXHkRu2zwNkgNogZoxHzhm9Q6qqurDBVptHOsW49Q=="
  "resolved" "https://registry.npmjs.org/@ethersproject/networks/-/networks-5.5.1.tgz"
  "version" "5.5.1"
  dependencies:
    "@ethersproject/logger" "^5.5.0"

"@ethersproject/networks@5.5.2":
  "integrity" "sha512-NEqPxbGBfy6O3x4ZTISb90SjEDkWYDUbEeIFhJly0F7sZjoQMnj5KYzMSkMkLKZ+1fGpx00EDpHQCy6PrDupkQ=="
  "resolved" "https://registry.npmjs.org/@ethersproject/networks/-/networks-5.5.2.tgz"
  "version" "5.5.2"
  dependencies:
    "@ethersproject/logger" "^5.5.0"

"@ethersproject/pbkdf2@^5.5.0", "@ethersproject/pbkdf2@5.5.0":
  "integrity" "sha512-SaDvQFvXPnz1QGpzr6/HToLifftSXGoXrbpZ6BvoZhmx4bNLHrxDe8MZisuecyOziP1aVEwzC2Hasj+86TgWVg=="
  "resolved" "https://registry.npmjs.org/@ethersproject/pbkdf2/-/pbkdf2-5.5.0.tgz"
  "version" "5.5.0"
  dependencies:
    "@ethersproject/bytes" "^5.5.0"
    "@ethersproject/sha2" "^5.5.0"

"@ethersproject/properties@^5.5.0", "@ethersproject/properties@5.5.0":
  "integrity" "sha512-l3zRQg3JkD8EL3CPjNK5g7kMx4qSwiR60/uk5IVjd3oq1MZR5qUg40CNOoEJoX5wc3DyY5bt9EbMk86C7x0DNA=="
  "resolved" "https://registry.npmjs.org/@ethersproject/properties/-/properties-5.5.0.tgz"
  "version" "5.5.0"
  dependencies:
    "@ethersproject/logger" "^5.5.0"

"@ethersproject/providers@5.5.1":
  "integrity" "sha512-2zdD5sltACDWhjUE12Kucg2PcgM6V2q9JMyVvObtVGnzJu+QSmibbP+BHQyLWZUBfLApx2942+7DC5D+n4wBQQ=="
  "resolved" "https://registry.npmjs.org/@ethersproject/providers/-/providers-5.5.1.tgz"
  "version" "5.5.1"
  dependencies:
    "@ethersproject/abstract-provider" "^5.5.0"
    "@ethersproject/abstract-signer" "^5.5.0"
    "@ethersproject/address" "^5.5.0"
    "@ethersproject/basex" "^5.5.0"
    "@ethersproject/bignumber" "^5.5.0"
    "@ethersproject/bytes" "^5.5.0"
    "@ethersproject/constants" "^5.5.0"
    "@ethersproject/hash" "^5.5.0"
    "@ethersproject/logger" "^5.5.0"
    "@ethersproject/networks" "^5.5.0"
    "@ethersproject/properties" "^5.5.0"
    "@ethersproject/random" "^5.5.0"
    "@ethersproject/rlp" "^5.5.0"
    "@ethersproject/sha2" "^5.5.0"
    "@ethersproject/strings" "^5.5.0"
    "@ethersproject/transactions" "^5.5.0"
    "@ethersproject/web" "^5.5.0"
    "bech32" "1.1.4"
    "ws" "7.4.6"

"@ethersproject/providers@5.5.2":
  "integrity" "sha512-hkbx7x/MKcRjyrO4StKXCzCpWer6s97xnm34xkfPiarhtEUVAN4TBBpamM+z66WcTt7H5B53YwbRj1n7i8pZoQ=="
  "resolved" "https://registry.npmjs.org/@ethersproject/providers/-/providers-5.5.2.tgz"
  "version" "5.5.2"
  dependencies:
    "@ethersproject/abstract-provider" "^5.5.0"
    "@ethersproject/abstract-signer" "^5.5.0"
    "@ethersproject/address" "^5.5.0"
    "@ethersproject/basex" "^5.5.0"
    "@ethersproject/bignumber" "^5.5.0"
    "@ethersproject/bytes" "^5.5.0"
    "@ethersproject/constants" "^5.5.0"
    "@ethersproject/hash" "^5.5.0"
    "@ethersproject/logger" "^5.5.0"
    "@ethersproject/networks" "^5.5.0"
    "@ethersproject/properties" "^5.5.0"
    "@ethersproject/random" "^5.5.0"
    "@ethersproject/rlp" "^5.5.0"
    "@ethersproject/sha2" "^5.5.0"
    "@ethersproject/strings" "^5.5.0"
    "@ethersproject/transactions" "^5.5.0"
    "@ethersproject/web" "^5.5.0"
    "bech32" "1.1.4"
    "ws" "7.4.6"

"@ethersproject/random@^5.5.0", "@ethersproject/random@5.5.0":
  "integrity" "sha512-egGYZwZ/YIFKMHcoBUo8t3a8Hb/TKYX8BCBoLjudVCZh892welR3jOxgOmb48xznc9bTcMm7Tpwc1gHC1PFNFQ=="
  "resolved" "https://registry.npmjs.org/@ethersproject/random/-/random-5.5.0.tgz"
  "version" "5.5.0"
  dependencies:
    "@ethersproject/bytes" "^5.5.0"
    "@ethersproject/logger" "^5.5.0"

"@ethersproject/random@5.5.1":
  "integrity" "sha512-YaU2dQ7DuhL5Au7KbcQLHxcRHfgyNgvFV4sQOo0HrtW3Zkrc9ctWNz8wXQ4uCSfSDsqX2vcjhroxU5RQRV0nqA=="
  "resolved" "https://registry.npmjs.org/@ethersproject/random/-/random-5.5.1.tgz"
  "version" "5.5.1"
  dependencies:
    "@ethersproject/bytes" "^5.5.0"
    "@ethersproject/logger" "^5.5.0"

"@ethersproject/rlp@^5.5.0", "@ethersproject/rlp@5.5.0":
  "integrity" "sha512-hLv8XaQ8PTI9g2RHoQGf/WSxBfTB/NudRacbzdxmst5VHAqd1sMibWG7SENzT5Dj3yZ3kJYx+WiRYEcQTAkcYA=="
  "resolved" "https://registry.npmjs.org/@ethersproject/rlp/-/rlp-5.5.0.tgz"
  "version" "5.5.0"
  dependencies:
    "@ethersproject/bytes" "^5.5.0"
    "@ethersproject/logger" "^5.5.0"

"@ethersproject/sha2@^5.5.0", "@ethersproject/sha2@5.5.0":
  "integrity" "sha512-B5UBoglbCiHamRVPLA110J+2uqsifpZaTmid2/7W5rbtYVz6gus6/hSDieIU/6gaKIDcOj12WnOdiymEUHIAOA=="
  "resolved" "https://registry.npmjs.org/@ethersproject/sha2/-/sha2-5.5.0.tgz"
  "version" "5.5.0"
  dependencies:
    "@ethersproject/bytes" "^5.5.0"
    "@ethersproject/logger" "^5.5.0"
    "hash.js" "1.1.7"

"@ethersproject/signing-key@^5.5.0", "@ethersproject/signing-key@5.5.0":
  "integrity" "sha512-5VmseH7qjtNmDdZBswavhotYbWB0bOwKIlOTSlX14rKn5c11QmJwGt4GHeo7NrL/Ycl7uo9AHvEqs5xZgFBTng=="
  "resolved" "https://registry.npmjs.org/@ethersproject/signing-key/-/signing-key-5.5.0.tgz"
  "version" "5.5.0"
  dependencies:
    "@ethersproject/bytes" "^5.5.0"
    "@ethersproject/logger" "^5.5.0"
    "@ethersproject/properties" "^5.5.0"
    "bn.js" "^4.11.9"
    "elliptic" "6.5.4"
    "hash.js" "1.1.7"

"@ethersproject/solidity@5.5.0":
  "integrity" "sha512-9NgZs9LhGMj6aCtHXhtmFQ4AN4sth5HuFXVvAQtzmm0jpSCNOTGtrHZJAeYTh7MBjRR8brylWZxBZR9zDStXbw=="
  "resolved" "https://registry.npmjs.org/@ethersproject/solidity/-/solidity-5.5.0.tgz"
  "version" "5.5.0"
  dependencies:
    "@ethersproject/bignumber" "^5.5.0"
    "@ethersproject/bytes" "^5.5.0"
    "@ethersproject/keccak256" "^5.5.0"
    "@ethersproject/logger" "^5.5.0"
    "@ethersproject/sha2" "^5.5.0"
    "@ethersproject/strings" "^5.5.0"

"@ethersproject/strings@^5.5.0", "@ethersproject/strings@5.5.0":
  "integrity" "sha512-9fy3TtF5LrX/wTrBaT8FGE6TDJyVjOvXynXJz5MT5azq+E6D92zuKNx7i29sWW2FjVOaWjAsiZ1ZWznuduTIIQ=="
  "resolved" "https://registry.npmjs.org/@ethersproject/strings/-/strings-5.5.0.tgz"
  "version" "5.5.0"
  dependencies:
    "@ethersproject/bytes" "^5.5.0"
    "@ethersproject/constants" "^5.5.0"
    "@ethersproject/logger" "^5.5.0"

"@ethersproject/transactions@^5.5.0", "@ethersproject/transactions@5.5.0":
  "integrity" "sha512-9RZYSKX26KfzEd/1eqvv8pLauCKzDTub0Ko4LfIgaERvRuwyaNV78mJs7cpIgZaDl6RJui4o49lHwwCM0526zA=="
  "resolved" "https://registry.npmjs.org/@ethersproject/transactions/-/transactions-5.5.0.tgz"
  "version" "5.5.0"
  dependencies:
    "@ethersproject/address" "^5.5.0"
    "@ethersproject/bignumber" "^5.5.0"
    "@ethersproject/bytes" "^5.5.0"
    "@ethersproject/constants" "^5.5.0"
    "@ethersproject/keccak256" "^5.5.0"
    "@ethersproject/logger" "^5.5.0"
    "@ethersproject/properties" "^5.5.0"
    "@ethersproject/rlp" "^5.5.0"
    "@ethersproject/signing-key" "^5.5.0"

"@ethersproject/units@5.5.0":
  "integrity" "sha512-7+DpjiZk4v6wrikj+TCyWWa9dXLNU73tSTa7n0TSJDxkYbV3Yf1eRh9ToMLlZtuctNYu9RDNNy2USq3AdqSbag=="
  "resolved" "https://registry.npmjs.org/@ethersproject/units/-/units-5.5.0.tgz"
  "version" "5.5.0"
  dependencies:
    "@ethersproject/bignumber" "^5.5.0"
    "@ethersproject/constants" "^5.5.0"
    "@ethersproject/logger" "^5.5.0"

"@ethersproject/wallet@5.5.0":
  "integrity" "sha512-Mlu13hIctSYaZmUOo7r2PhNSd8eaMPVXe1wxrz4w4FCE4tDYBywDH+bAR1Xz2ADyXGwqYMwstzTrtUVIsKDO0Q=="
  "resolved" "https://registry.npmjs.org/@ethersproject/wallet/-/wallet-5.5.0.tgz"
  "version" "5.5.0"
  dependencies:
    "@ethersproject/abstract-provider" "^5.5.0"
    "@ethersproject/abstract-signer" "^5.5.0"
    "@ethersproject/address" "^5.5.0"
    "@ethersproject/bignumber" "^5.5.0"
    "@ethersproject/bytes" "^5.5.0"
    "@ethersproject/hash" "^5.5.0"
    "@ethersproject/hdnode" "^5.5.0"
    "@ethersproject/json-wallets" "^5.5.0"
    "@ethersproject/keccak256" "^5.5.0"
    "@ethersproject/logger" "^5.5.0"
    "@ethersproject/properties" "^5.5.0"
    "@ethersproject/random" "^5.5.0"
    "@ethersproject/signing-key" "^5.5.0"
    "@ethersproject/transactions" "^5.5.0"
    "@ethersproject/wordlists" "^5.5.0"

"@ethersproject/web@^5.5.0", "@ethersproject/web@5.5.1":
  "integrity" "sha512-olvLvc1CB12sREc1ROPSHTdFCdvMh0J5GSJYiQg2D0hdD4QmJDy8QYDb1CvoqD/bF1c++aeKv2sR5uduuG9dQg=="
  "resolved" "https://registry.npmjs.org/@ethersproject/web/-/web-5.5.1.tgz"
  "version" "5.5.1"
  dependencies:
    "@ethersproject/base64" "^5.5.0"
    "@ethersproject/bytes" "^5.5.0"
    "@ethersproject/logger" "^5.5.0"
    "@ethersproject/properties" "^5.5.0"
    "@ethersproject/strings" "^5.5.0"

"@ethersproject/wordlists@^5.5.0", "@ethersproject/wordlists@5.5.0":
  "integrity" "sha512-bL0UTReWDiaQJJYOC9sh/XcRu/9i2jMrzf8VLRmPKx58ckSlOJiohODkECCO50dtLZHcGU6MLXQ4OOrgBwP77Q=="
  "resolved" "https://registry.npmjs.org/@ethersproject/wordlists/-/wordlists-5.5.0.tgz"
  "version" "5.5.0"
  dependencies:
    "@ethersproject/bytes" "^5.5.0"
    "@ethersproject/hash" "^5.5.0"
    "@ethersproject/logger" "^5.5.0"
    "@ethersproject/properties" "^5.5.0"
    "@ethersproject/strings" "^5.5.0"

"@mangrovedao/mangrove.js@^0.1.0":
  "integrity" "sha512-eA2mZT/Usth7MTuYRXnsLMkvcIig5ztKOOEDEgxpl4iwgsblWU0pMpq9Gc+mkx+oHSNRmzgwiNoK5J1fBzQnJQ=="
  "resolved" "https://registry.npmjs.org/@mangrovedao/mangrove.js/-/mangrove.js-0.1.0.tgz"
  "version" "0.1.0"
  dependencies:
    "@ethersproject/experimental" "^5.5.0"
    "async-mutex" "^0.3.2"
    "big.js" "^6.1.1"
    "config" "^3.3.6"
    "dotenv-flow" "^3.2.0"
    "ethers" "^5.4.6"
    "typedoc" "^0.22.3"

"@types/node@^17.0.13":
  "integrity" "sha512-Y86MAxASe25hNzlDbsviXl8jQHb0RDvKt4c40ZJQ1Don0AAL0STLZSs4N+6gLEO55pedy7r2cLwS+ZDxPm/2Bw=="
  "resolved" "https://registry.npmjs.org/@types/node/-/node-17.0.13.tgz"
  "version" "17.0.13"

"aes-js@3.0.0":
  "integrity" "sha1-4h3xCtbCBTKVvLuNq0Cwnb6ofk0="
  "resolved" "https://registry.npmjs.org/aes-js/-/aes-js-3.0.0.tgz"
  "version" "3.0.0"

"ansi-regex@^4.1.0":
  "integrity" "sha512-1apePfXM1UOSqw0o9IiFAovVz9M5S1Dg+4TrDwfMewQ6p/rmMueb7tWZjQ1rx4Loy1ArBggoqGpfqqdI4rondg=="
  "resolved" "https://registry.npmjs.org/ansi-regex/-/ansi-regex-4.1.0.tgz"
  "version" "4.1.0"

"arg@^4.1.0":
  "integrity" "sha512-58S9QDqG0Xx27YwPSt9fJxivjYl432YCwfDMfZ+71RAqUrZef7LrKQZ3LHLOwCS4FLNBplP533Zx895SeOCHvA=="
  "resolved" "https://registry.npmjs.org/arg/-/arg-4.1.3.tgz"
  "version" "4.1.3"

"async-mutex@^0.3.2":
  "integrity" "sha512-HuTK7E7MT7jZEh1P9GtRW9+aTWiDWWi9InbZ5hjxrnRa39KS4BW04+xLBhYNS2aXhHUIKZSw3gj4Pn1pj+qGAA=="
  "resolved" "https://registry.npmjs.org/async-mutex/-/async-mutex-0.3.2.tgz"
  "version" "0.3.2"
  dependencies:
    "tslib" "^2.3.1"

"balanced-match@^1.0.0":
  "integrity" "sha512-3oSeUO0TMV67hN1AmbXsK4yaqU7tjiHlbxRDZOpH0KW9+CeX4bRAaX0Anxt0tx2MrpRpWwQaPwIlISEJhYU5Pw=="
  "resolved" "https://registry.npmjs.org/balanced-match/-/balanced-match-1.0.2.tgz"
  "version" "1.0.2"

"bech32@1.1.4":
  "integrity" "sha512-s0IrSOzLlbvX7yp4WBfPITzpAU8sqQcpsmwXDiKwrG4r491vwCO/XpejasRNl0piBMe/DvP4Tz0mIS/X1DPJBQ=="
  "resolved" "https://registry.npmjs.org/bech32/-/bech32-1.1.4.tgz"
  "version" "1.1.4"

"big.js@^6.1.1":
  "integrity" "sha512-1vObw81a8ylZO5ePrtMay0n018TcftpTA5HFKDaSuiUDBo8biRBtjIobw60OpwuvrGk+FsxKamqN4cnmj/eXdg=="
  "resolved" "https://registry.npmjs.org/big.js/-/big.js-6.1.1.tgz"
  "version" "6.1.1"

"bn.js@^4.11.9":
  "integrity" "sha512-c98Bf3tPniI+scsdk237ku1Dc3ujXQTSgyiPUDEOe7tRkhrqridvh8klBv0HCEso1OLOYcHuCv/cS6DNxKH+ZA=="
  "resolved" "https://registry.npmjs.org/bn.js/-/bn.js-4.12.0.tgz"
  "version" "4.12.0"

"brace-expansion@^1.1.7":
  "integrity" "sha512-iCuPHDFgrHX7H2vEI/5xpz07zSHB00TpugqhmYtVmMO6518mCuRMoOYFldEBl0g187ufozdaHgWKcYFb61qGiA=="
  "resolved" "https://registry.npmjs.org/brace-expansion/-/brace-expansion-1.1.11.tgz"
  "version" "1.1.11"
  dependencies:
    "balanced-match" "^1.0.0"
    "concat-map" "0.0.1"

"brorand@^1.1.0":
  "integrity" "sha1-EsJe/kCkXjwyPrhnWgoM5XsiNx8="
  "resolved" "https://registry.npmjs.org/brorand/-/brorand-1.1.0.tgz"
  "version" "1.1.0"

"buffer-from@^1.0.0":
  "integrity" "sha512-E+XQCRwSbaaiChtv6k6Dwgc+bx+Bs6vuKJHHl5kox/BaKbhiXzqQOwK4cO22yElGp2OCmjwVhT3HmxgyPGnJfQ=="
  "resolved" "https://registry.npmjs.org/buffer-from/-/buffer-from-1.1.2.tgz"
  "version" "1.1.2"

"concat-map@0.0.1":
  "integrity" "sha1-2Klr13/Wjfd5OnMDajug1UBdR3s="
  "resolved" "https://registry.npmjs.org/concat-map/-/concat-map-0.0.1.tgz"
  "version" "0.0.1"

"config@^3.3.6":
  "integrity" "sha512-mX/n7GKDYZMqvvkY6e6oBY49W8wxdmQt+ho/5lhwFDXqQW9gI+Ahp8EKp8VAbISPnmf2+Bv5uZK7lKXZ6pf1aA=="
  "resolved" "https://registry.npmjs.org/config/-/config-3.3.7.tgz"
  "version" "3.3.7"
  dependencies:
    "json5" "^2.1.1"

"create-require@^1.1.0":
  "integrity" "sha512-dcKFX3jn0MpIaXjisoRvexIJVEKzaq7z2rZKxf+MSr9TkdmHmsU4m2lcLojrj/FHl8mk5VxMmYA+ftRkP/3oKQ=="
  "resolved" "https://registry.npmjs.org/create-require/-/create-require-1.1.1.tgz"
  "version" "1.1.1"

"diff@^4.0.1":
  "integrity" "sha512-58lmxKSA4BNyLz+HHMUzlOEpg09FV+ev6ZMe3vJihgdxzgcwZ8VoEEPmALCZG9LmqfVoNMMKpttIYTVG6uDY7A=="
  "resolved" "https://registry.npmjs.org/diff/-/diff-4.0.2.tgz"
  "version" "4.0.2"

"dotenv-flow@^3.2.0":
  "integrity" "sha512-GEB6RrR4AbqDJvNSFrYHqZ33IKKbzkvLYiD5eo4+9aFXr4Y4G+QaFrB/fNp0y6McWBmvaPn3ZNjIufnj8irCtg=="
  "resolved" "https://registry.npmjs.org/dotenv-flow/-/dotenv-flow-3.2.0.tgz"
  "version" "3.2.0"
  dependencies:
    "dotenv" "^8.0.0"

"dotenv@^8.0.0":
  "integrity" "sha512-IrPdXQsk2BbzvCBGBOTmmSH5SodmqZNt4ERAZDmW4CT+tL8VtvinqywuANaFu4bOMWki16nqf0e4oC0QIaDr/g=="
  "resolved" "https://registry.npmjs.org/dotenv/-/dotenv-8.6.0.tgz"
  "version" "8.6.0"

"elliptic@6.5.4":
  "integrity" "sha512-iLhC6ULemrljPZb+QutR5TQGB+pdW6KGD5RSegS+8sorOZT+rdQFbsQFJgvN3eRqNALqJer4oQ16YvJHlU8hzQ=="
  "resolved" "https://registry.npmjs.org/elliptic/-/elliptic-6.5.4.tgz"
  "version" "6.5.4"
  dependencies:
    "bn.js" "^4.11.9"
    "brorand" "^1.1.0"
    "hash.js" "^1.0.0"
    "hmac-drbg" "^1.0.1"
    "inherits" "^2.0.4"
    "minimalistic-assert" "^1.0.1"
    "minimalistic-crypto-utils" "^1.0.1"

"ethers@^5.4.6":
  "integrity" "sha512-fTT4WT8/hTe/BLwRUtl7I5zlpF3XC3P/Xwqxc5AIP2HGlH15qpmjs0Ou78az93b1rLITzXLFxoNX63B8ZbUd7g=="
  "resolved" "https://registry.npmjs.org/ethers/-/ethers-5.5.3.tgz"
  "version" "5.5.3"
  dependencies:
    "@ethersproject/abi" "5.5.0"
    "@ethersproject/abstract-provider" "5.5.1"
    "@ethersproject/abstract-signer" "5.5.0"
    "@ethersproject/address" "5.5.0"
    "@ethersproject/base64" "5.5.0"
    "@ethersproject/basex" "5.5.0"
    "@ethersproject/bignumber" "5.5.0"
    "@ethersproject/bytes" "5.5.0"
    "@ethersproject/constants" "5.5.0"
    "@ethersproject/contracts" "5.5.0"
    "@ethersproject/hash" "5.5.0"
    "@ethersproject/hdnode" "5.5.0"
    "@ethersproject/json-wallets" "5.5.0"
    "@ethersproject/keccak256" "5.5.0"
    "@ethersproject/logger" "5.5.0"
    "@ethersproject/networks" "5.5.2"
    "@ethersproject/pbkdf2" "5.5.0"
    "@ethersproject/properties" "5.5.0"
    "@ethersproject/providers" "5.5.2"
    "@ethersproject/random" "5.5.1"
    "@ethersproject/rlp" "5.5.0"
    "@ethersproject/sha2" "5.5.0"
    "@ethersproject/signing-key" "5.5.0"
    "@ethersproject/solidity" "5.5.0"
    "@ethersproject/strings" "5.5.0"
    "@ethersproject/transactions" "5.5.0"
    "@ethersproject/units" "5.5.0"
    "@ethersproject/wallet" "5.5.0"
    "@ethersproject/web" "5.5.1"
    "@ethersproject/wordlists" "5.5.0"

"ethers@^5.5.0":
  "integrity" "sha512-fTT4WT8/hTe/BLwRUtl7I5zlpF3XC3P/Xwqxc5AIP2HGlH15qpmjs0Ou78az93b1rLITzXLFxoNX63B8ZbUd7g=="
  "resolved" "https://registry.npmjs.org/ethers/-/ethers-5.5.3.tgz"
  "version" "5.5.3"
  dependencies:
    "@ethersproject/abi" "5.5.0"
    "@ethersproject/abstract-provider" "5.5.1"
    "@ethersproject/abstract-signer" "5.5.0"
    "@ethersproject/address" "5.5.0"
    "@ethersproject/base64" "5.5.0"
    "@ethersproject/basex" "5.5.0"
    "@ethersproject/bignumber" "5.5.0"
    "@ethersproject/bytes" "5.5.0"
    "@ethersproject/constants" "5.5.0"
    "@ethersproject/contracts" "5.5.0"
    "@ethersproject/hash" "5.5.0"
    "@ethersproject/hdnode" "5.5.0"
    "@ethersproject/json-wallets" "5.5.0"
    "@ethersproject/keccak256" "5.5.0"
    "@ethersproject/logger" "5.5.0"
    "@ethersproject/networks" "5.5.2"
    "@ethersproject/pbkdf2" "5.5.0"
    "@ethersproject/properties" "5.5.0"
    "@ethersproject/providers" "5.5.2"
    "@ethersproject/random" "5.5.1"
    "@ethersproject/rlp" "5.5.0"
    "@ethersproject/sha2" "5.5.0"
    "@ethersproject/signing-key" "5.5.0"
    "@ethersproject/solidity" "5.5.0"
    "@ethersproject/strings" "5.5.0"
    "@ethersproject/transactions" "5.5.0"
    "@ethersproject/units" "5.5.0"
    "@ethersproject/wallet" "5.5.0"
    "@ethersproject/web" "5.5.1"
    "@ethersproject/wordlists" "5.5.0"

"ethers@^5.5.2":
  "integrity" "sha512-EF5W+6Wwcu6BqVwpgmyR5U2+L4c1FQzlM/02dkZOugN3KF0cG9bzHZP+TDJglmPm2/IzCEJDT7KBxzayk7SAHw=="
  "resolved" "https://registry.npmjs.org/ethers/-/ethers-5.5.2.tgz"
  "version" "5.5.2"
  dependencies:
    "@ethersproject/abi" "5.5.0"
    "@ethersproject/abstract-provider" "5.5.1"
    "@ethersproject/abstract-signer" "5.5.0"
    "@ethersproject/address" "5.5.0"
    "@ethersproject/base64" "5.5.0"
    "@ethersproject/basex" "5.5.0"
    "@ethersproject/bignumber" "5.5.0"
    "@ethersproject/bytes" "5.5.0"
    "@ethersproject/constants" "5.5.0"
    "@ethersproject/contracts" "5.5.0"
    "@ethersproject/hash" "5.5.0"
    "@ethersproject/hdnode" "5.5.0"
    "@ethersproject/json-wallets" "5.5.0"
    "@ethersproject/keccak256" "5.5.0"
    "@ethersproject/logger" "5.5.0"
    "@ethersproject/networks" "5.5.1"
    "@ethersproject/pbkdf2" "5.5.0"
    "@ethersproject/properties" "5.5.0"
    "@ethersproject/providers" "5.5.1"
    "@ethersproject/random" "5.5.0"
    "@ethersproject/rlp" "5.5.0"
    "@ethersproject/sha2" "5.5.0"
    "@ethersproject/signing-key" "5.5.0"
    "@ethersproject/solidity" "5.5.0"
    "@ethersproject/strings" "5.5.0"
    "@ethersproject/transactions" "5.5.0"
    "@ethersproject/units" "5.5.0"
    "@ethersproject/wallet" "5.5.0"
    "@ethersproject/web" "5.5.1"
    "@ethersproject/wordlists" "5.5.0"

"fs.realpath@^1.0.0":
  "integrity" "sha1-FQStJSMVjKpA20onh8sBQRmU6k8="
  "resolved" "https://registry.npmjs.org/fs.realpath/-/fs.realpath-1.0.0.tgz"
  "version" "1.0.0"

"glob@^7.2.0":
  "integrity" "sha512-lmLf6gtyrPq8tTjSmrO94wBeQbFR3HbLHbuyD69wuyQkImp2hWqMGB47OX65FBkPffO641IP9jWa1z4ivqG26Q=="
  "resolved" "https://registry.npmjs.org/glob/-/glob-7.2.0.tgz"
  "version" "7.2.0"
  dependencies:
    "fs.realpath" "^1.0.0"
    "inflight" "^1.0.4"
    "inherits" "2"
    "minimatch" "^3.0.4"
    "once" "^1.3.0"
    "path-is-absolute" "^1.0.0"

"hash.js@^1.0.0", "hash.js@^1.0.3", "hash.js@1.1.7":
  "integrity" "sha512-taOaskGt4z4SOANNseOviYDvjEJinIkRgmp7LbKP2YTTmVxWBl87s/uzK9r+44BclBSp2X7K1hqeNfz9JbBeXA=="
  "resolved" "https://registry.npmjs.org/hash.js/-/hash.js-1.1.7.tgz"
  "version" "1.1.7"
  dependencies:
    "inherits" "^2.0.3"
    "minimalistic-assert" "^1.0.1"

"hmac-drbg@^1.0.1":
  "integrity" "sha1-0nRXAQJabHdabFRXk+1QL8DGSaE="
  "resolved" "https://registry.npmjs.org/hmac-drbg/-/hmac-drbg-1.0.1.tgz"
  "version" "1.0.1"
  dependencies:
    "hash.js" "^1.0.3"
    "minimalistic-assert" "^1.0.0"
    "minimalistic-crypto-utils" "^1.0.1"

"inflight@^1.0.4":
  "integrity" "sha1-Sb1jMdfQLQwJvJEKEHW6gWW1bfk="
  "resolved" "https://registry.npmjs.org/inflight/-/inflight-1.0.6.tgz"
  "version" "1.0.6"
  dependencies:
    "once" "^1.3.0"
    "wrappy" "1"

"inherits@^2.0.3", "inherits@^2.0.4", "inherits@2":
  "integrity" "sha512-k/vGaX4/Yla3WzyMCvTQOXYeIHvqOKtnqBduzTHpzpQZzAskKMhZ2K+EnBiSM9zGSoIFeMpXKxa4dYeZIQqewQ=="
  "resolved" "https://registry.npmjs.org/inherits/-/inherits-2.0.4.tgz"
  "version" "2.0.4"

"js-sha3@0.8.0":
  "integrity" "sha512-gF1cRrHhIzNfToc802P800N8PpXS+evLLXfsVpowqmAFR9uwbi89WvXg2QspOmXL8QL86J4T1EpFu+yUkwJY3Q=="
  "resolved" "https://registry.npmjs.org/js-sha3/-/js-sha3-0.8.0.tgz"
  "version" "0.8.0"

"json5@^2.1.1":
  "integrity" "sha512-f+8cldu7X/y7RAJurMEJmdoKXGB/X550w2Nr3tTbezL6RwEE/iMcm+tZnXeoZtKuOq6ft8+CqzEkrIgx1fPoQA=="
  "resolved" "https://registry.npmjs.org/json5/-/json5-2.2.0.tgz"
  "version" "2.2.0"
  dependencies:
    "minimist" "^1.2.5"

"jsonc-parser@^3.0.0":
  "integrity" "sha512-fQzRfAbIBnR0IQvftw9FJveWiHp72Fg20giDrHz6TdfB12UH/uue0D3hm57UB5KgAVuniLMCaS8P1IMj9NR7cA=="
  "resolved" "https://registry.npmjs.org/jsonc-parser/-/jsonc-parser-3.0.0.tgz"
  "version" "3.0.0"

"lunr@^2.3.9":
  "integrity" "sha512-zTU3DaZaF3Rt9rhN3uBMGQD3dD2/vFQqnvZCDv4dl5iOzq2IZQqTxu90r4E5J+nP70J3ilqVCrbho2eWaeW8Ow=="
  "resolved" "https://registry.npmjs.org/lunr/-/lunr-2.3.9.tgz"
  "version" "2.3.9"

"make-error@^1.1.1":
  "integrity" "sha512-s8UhlNe7vPKomQhC1qFelMokr/Sc3AgNbso3n74mVPA5LTZwkB9NlXf4XPamLxJE8h0gh73rM94xvwRT2CVInw=="
  "resolved" "https://registry.npmjs.org/make-error/-/make-error-1.3.6.tgz"
  "version" "1.3.6"

"marked@^4.0.10":
  "integrity" "sha512-+QvuFj0nGgO970fySghXGmuw+Fd0gD2x3+MqCWLIPf5oxdv1Ka6b2q+z9RP01P/IaKPMEramy+7cNy/Lw8c3hw=="
  "resolved" "https://registry.npmjs.org/marked/-/marked-4.0.10.tgz"
  "version" "4.0.10"

"minimalistic-assert@^1.0.0", "minimalistic-assert@^1.0.1":
  "integrity" "sha512-UtJcAD4yEaGtjPezWuO9wC4nwUnVH/8/Im3yEHQP4b67cXlD/Qr9hdITCU1xDbSEXg2XKNaP8jsReV7vQd00/A=="
  "resolved" "https://registry.npmjs.org/minimalistic-assert/-/minimalistic-assert-1.0.1.tgz"
  "version" "1.0.1"

"minimalistic-crypto-utils@^1.0.1":
  "integrity" "sha1-9sAMHAsIIkblxNmd+4x8CDsrWCo="
  "resolved" "https://registry.npmjs.org/minimalistic-crypto-utils/-/minimalistic-crypto-utils-1.0.1.tgz"
  "version" "1.0.1"

"minimatch@^3.0.4":
  "integrity" "sha512-yJHVQEhyqPLUTgt9B83PXu6W3rx4MvvHvSUvToogpwoGDOUQ+yDrR0HRot+yOCdCO7u4hX3pWft6kWBBcqh0UA=="
  "resolved" "https://registry.npmjs.org/minimatch/-/minimatch-3.0.4.tgz"
  "version" "3.0.4"
  dependencies:
    "brace-expansion" "^1.1.7"

"minimist@^1.2.5":
  "integrity" "sha512-FM9nNUYrRBAELZQT3xeZQ7fmMOBg6nWNmJKTcgsJeaLstP/UODVpGsr5OhXhhXg6f+qtJ8uiZ+PUxkDWcgIXLw=="
  "resolved" "https://registry.npmjs.org/minimist/-/minimist-1.2.5.tgz"
  "version" "1.2.5"

"once@^1.3.0":
  "integrity" "sha1-WDsap3WWHUsROsF9nFC6753Xa9E="
  "resolved" "https://registry.npmjs.org/once/-/once-1.4.0.tgz"
  "version" "1.4.0"
  dependencies:
    "wrappy" "1"

"path-is-absolute@^1.0.0":
  "integrity" "sha1-F0uSaHNVNP+8es5r9TpanhtcX18="
  "resolved" "https://registry.npmjs.org/path-is-absolute/-/path-is-absolute-1.0.1.tgz"
  "version" "1.0.1"

"prompt-sync@^4.2.0":
  "integrity" "sha512-BuEzzc5zptP5LsgV5MZETjDaKSWfchl5U9Luiu8SKp7iZWD5tZalOxvNcZRwv+d2phNFr8xlbxmFNcRKfJOzJw=="
  "resolved" "https://registry.npmjs.org/prompt-sync/-/prompt-sync-4.2.0.tgz"
  "version" "4.2.0"
  dependencies:
    "strip-ansi" "^5.0.0"

"scrypt-js@3.0.1":
  "integrity" "sha512-cdwTTnqPu0Hyvf5in5asVdZocVDTNRmR7XEcJuIzMjJeSHybHl7vpB66AzwTaIg6CLSbtjcxc8fqcySfnTkccA=="
  "resolved" "https://registry.npmjs.org/scrypt-js/-/scrypt-js-3.0.1.tgz"
  "version" "3.0.1"

"shiki@^0.10.0":
  "integrity" "sha512-iczxaIYeBFHTFrQPb9DVy2SKgYxC4Wo7Iucm7C17cCh2Ge/refnvHscUOxM85u57MfLoNOtjoEFUWt9gBexblA=="
  "resolved" "https://registry.npmjs.org/shiki/-/shiki-0.10.0.tgz"
  "version" "0.10.0"
  dependencies:
    "jsonc-parser" "^3.0.0"
    "vscode-oniguruma" "^1.6.1"
    "vscode-textmate" "5.2.0"

"source-map-support@^0.5.17":
  "integrity" "sha512-uBHU3L3czsIyYXKX88fdrGovxdSCoTGDRZ6SYXtSRxLZUzHg5P/66Ht6uoUlHu9EZod+inXhKo3qQgwXUT/y1w=="
  "resolved" "https://registry.npmjs.org/source-map-support/-/source-map-support-0.5.21.tgz"
  "version" "0.5.21"
  dependencies:
    "buffer-from" "^1.0.0"
    "source-map" "^0.6.0"

"source-map@^0.6.0":
  "integrity" "sha512-UjgapumWlbMhkBgzT7Ykc5YXUT46F0iKu8SGXq0bcwP5dz/h0Plj6enJqjz1Zbq2l5WaqYnrVbwWOWMyF3F47g=="
  "resolved" "https://registry.npmjs.org/source-map/-/source-map-0.6.1.tgz"
  "version" "0.6.1"

"strip-ansi@^5.0.0":
  "integrity" "sha512-DuRs1gKbBqsMKIZlrffwlug8MHkcnpjs5VPmL1PAh+mA30U0DTotfDZ0d2UUsXpPmPmMMJ6W773MaA3J+lbiWA=="
  "resolved" "https://registry.npmjs.org/strip-ansi/-/strip-ansi-5.2.0.tgz"
  "version" "5.2.0"
  dependencies:
    "ansi-regex" "^4.1.0"

"ts-essentials@^8.1.0":
  "integrity" "sha512-34xALeQADWRYq9kbtprP4KdpTQ3v3BBIs/U4SpaP+C4++B8ijXY5NnILRJLchQVMzw7YBzKuGMUMrI9uT+ALVw=="
  "resolved" "https://registry.npmjs.org/ts-essentials/-/ts-essentials-8.1.0.tgz"
  "version" "8.1.0"

"ts-node@^9.1.1":
  "integrity" "sha512-hPlt7ZACERQGf03M253ytLY3dHbGNGrAq9qIHWUY9XHYl1z7wYngSr3OQ5xmui8o2AaxsONxIzjafLUiWBo1Fg=="
  "resolved" "https://registry.npmjs.org/ts-node/-/ts-node-9.1.1.tgz"
  "version" "9.1.1"
  dependencies:
    "arg" "^4.1.0"
    "create-require" "^1.1.0"
    "diff" "^4.0.1"
    "make-error" "^1.1.1"
    "source-map-support" "^0.5.17"
    "yn" "3.1.1"

"tslib@^2.3.1":
  "integrity" "sha512-77EbyPPpMz+FRFRuAFlWMtmgUWGe9UOG2Z25NqCwiIjRhOf5iKGuzSe5P2w1laq+FkRy4p+PCuVkJSGkzTEKVw=="
  "resolved" "https://registry.npmjs.org/tslib/-/tslib-2.3.1.tgz"
  "version" "2.3.1"

"typedoc@^0.22.3":
  "integrity" "sha512-pVr3hh6dkS3lPPaZz1fNpvcrqLdtEvXmXayN55czlamSgvEjh+57GUqfhAI1Xsuu/hNHUT1KNSx8LH2wBP/7SA=="
  "resolved" "https://registry.npmjs.org/typedoc/-/typedoc-0.22.11.tgz"
  "version" "0.22.11"
  dependencies:
    "glob" "^7.2.0"
    "lunr" "^2.3.9"
    "marked" "^4.0.10"
    "minimatch" "^3.0.4"
    "shiki" "^0.10.0"

"typescript@^4.4.0", "typescript@>=2.7", "typescript@>=4.0.0", "typescript@4.0.x || 4.1.x || 4.2.x || 4.3.x || 4.4.x || 4.5.x":
  "integrity" "sha512-TCTIul70LyWe6IJWT8QSYeA54WQe8EjQFU4wY52Fasj5UKx88LNYKCgBEHcOMOrFF1rKGbD8v/xcNWVUq9SymA=="
  "resolved" "https://registry.npmjs.org/typescript/-/typescript-4.5.5.tgz"
  "version" "4.5.5"

"vscode-oniguruma@^1.6.1":
  "integrity" "sha512-vc4WhSIaVpgJ0jJIejjYxPvURJavX6QG41vu0mGhqywMkQqulezEqEQ3cO3gc8GvcOpX6ycmKGqRoROEMBNXTQ=="
  "resolved" "https://registry.npmjs.org/vscode-oniguruma/-/vscode-oniguruma-1.6.1.tgz"
  "version" "1.6.1"

"vscode-textmate@5.2.0":
  "integrity" "sha512-Uw5ooOQxRASHgu6C7GVvUxisKXfSgW4oFlO+aa+PAkgmH89O3CXxEEzNRNtHSqtXFTl0nAC1uYj0GMSH27uwtQ=="
  "resolved" "https://registry.npmjs.org/vscode-textmate/-/vscode-textmate-5.2.0.tgz"
  "version" "5.2.0"

"wrappy@1":
  "integrity" "sha1-tSQ9jz7BqjXxNkYFvA0QNuMKtp8="
  "resolved" "https://registry.npmjs.org/wrappy/-/wrappy-1.0.2.tgz"
  "version" "1.0.2"

"ws@7.4.6":
  "integrity" "sha512-YmhHDO4MzaDLB+M9ym/mDA5z0naX8j7SIlT8f8z+I0VtzsRbekxEutHSme7NPS2qE8StCYQNUnfWdXta/Yu85A=="
  "resolved" "https://registry.npmjs.org/ws/-/ws-7.4.6.tgz"
  "version" "7.4.6"

"yn@3.1.1":
  "integrity" "sha512-Ux4ygGWsu2c7isFWe8Yu1YluJmqVhxqK2cLXNQA5AcC3QfbGNpM7fu0Y8b/z16pXLnFxZYvWhd3fhBY9DLmC6Q=="
  "resolved" "https://registry.npmjs.org/yn/-/yn-3.1.1.tgz"
  "version" "3.1.1"
